
Microsoft Visual Studio Solution File, Format Version 12.00
# Visual Studio Version 16
VisualStudioVersion = 16.0.29306.81
MinimumVisualStudioVersion = 10.0.40219.1
Project("{FAE04EC0-301F-11D3-BF4B-00C04F79EFBC}") = "ASPShareConfigureWithSPA", "ASPShareConfigureWithSPA\ASPShareConfigureWithSPA.csproj", "{1B0169E2-3830-4655-BD92-AD5A09A0141B}"
EndProject
Global
	GlobalSection(SolutionConfigurationPlatforms) = preSolution
		Debug|Any CPU = Debug|Any CPU
		Release|Any CPU = Release|Any CPU
	EndGlobalSection
	GlobalSection(ProjectConfigurationPlatforms) = postSolution
		{1B0169E2-3830-4655-BD92-AD5A09A0141B}.Debug|Any CPU.ActiveCfg = Debug|Any CPU
		{1B0169E2-3830-4655-BD92-AD5A09A0141B}.Debug|Any CPU.Build.0 = Debug|Any CPU
		{1B0169E2-3830-4655-BD92-AD5A09A0141B}.Release|Any CPU.ActiveCfg = Release|Any CPU
		{1B0169E2-3830-4655-BD92-AD5A09A0141B}.Release|Any CPU.Build.0 = Release|Any CPU
	EndGlobalSection
	GlobalSection(SolutionProperties) = preSolution
		HideSolutionNode = FALSE
	EndGlobalSection
	GlobalSection(ExtensibilityGlobals) = postSolution
		SolutionGuid = {838F85C0-BD1A-4A24-804D-0B8B663CF7E4}
	EndGlobalSection
EndGlobal
